
Microsoft Visual Studio Solution File, Format Version 12.00
# Visual Studio Version 17
VisualStudioVersion = 17.9.34607.119
MinimumVisualStudioVersion = 10.0.40219.1
Project("{9A19103F-16F7-4668-BE54-9A1E7A4F7556}") = "MeetingsCalenderWPF", "MeetingsCalenderWPF\MeetingsCalenderWPF.csproj", "{9BEE59EC-CEF5-4177-87BF-098990B48200}"
EndProject
Project("{FAE04EC0-301F-11D3-BF4B-00C04F79EFBC}") = "MeetingsCalenderWPF.Tests", "MeetingsCalenderWPF.Tests\MeetingsCalenderWPF.Tests.csproj", "{DB0F4757-DE74-46E8-9924-CD1FC52E6194}"
EndProject
Global
	GlobalSection(SolutionConfigurationPlatforms) = preSolution
		Debug|Any CPU = Debug|Any CPU
		Release|Any CPU = Release|Any CPU
	EndGlobalSection
	GlobalSection(ProjectConfigurationPlatforms) = postSolution
		{9BEE59EC-CEF5-4177-87BF-098990B48200}.Debug|Any CPU.ActiveCfg = Debug|Any CPU
		{9BEE59EC-CEF5-4177-87BF-098990B48200}.Debug|Any CPU.Build.0 = Debug|Any CPU
		{9BEE59EC-CEF5-4177-87BF-098990B48200}.Release|Any CPU.ActiveCfg = Release|Any CPU
		{9BEE59EC-CEF5-4177-87BF-098990B48200}.Release|Any CPU.Build.0 = Release|Any CPU
		{DB0F4757-DE74-46E8-9924-CD1FC52E6194}.Debug|Any CPU.ActiveCfg = Debug|Any CPU
		{DB0F4757-DE74-46E8-9924-CD1FC52E6194}.Debug|Any CPU.Build.0 = Debug|Any CPU
		{DB0F4757-DE74-46E8-9924-CD1FC52E6194}.Release|Any CPU.ActiveCfg = Release|Any CPU
		{DB0F4757-DE74-46E8-9924-CD1FC52E6194}.Release|Any CPU.Build.0 = Release|Any CPU
	EndGlobalSection
	GlobalSection(SolutionProperties) = preSolution
		HideSolutionNode = FALSE
	EndGlobalSection
	GlobalSection(ExtensibilityGlobals) = postSolution
		SolutionGuid = {37526AC0-F7D1-4BFE-B454-21442B0C92F1}
	EndGlobalSection
EndGlobal
